
Microsoft Visual Studio Solution File, Format Version 12.00
# Visual Studio Version 17
VisualStudioVersion = 17.7.34202.233
MinimumVisualStudioVersion = 10.0.40219.1
Project("{FAE04EC0-301F-11D3-BF4B-00C04F79EFBC}") = "MVC", "MoviesHomework\MVC.csproj", "{6ACCE56C-B278-4E83-924D-5B0AD8E851C8}"
EndProject
Project("{FAE04EC0-301F-11D3-BF4B-00C04F79EFBC}") = "DataAccess", "DataAccess\DataAccess.csproj", "{A8E9FDBE-04BB-4D40-81C0-4FBB1066E9B4}"
EndProject
Project("{FAE04EC0-301F-11D3-BF4B-00C04F79EFBC}") = "Business", "Business\Business.csproj", "{362775D3-83F6-4D46-851A-FEA729599D9D}"
EndProject
Global
	GlobalSection(SolutionConfigurationPlatforms) = preSolution
		Debug|Any CPU = Debug|Any CPU
		Release|Any CPU = Release|Any CPU
	EndGlobalSection
	GlobalSection(ProjectConfigurationPlatforms) = postSolution
		{6ACCE56C-B278-4E83-924D-5B0AD8E851C8}.Debug|Any CPU.ActiveCfg = Debug|Any CPU
		{6ACCE56C-B278-4E83-924D-5B0AD8E851C8}.Debug|Any CPU.Build.0 = Debug|Any CPU
		{6ACCE56C-B278-4E83-924D-5B0AD8E851C8}.Release|Any CPU.ActiveCfg = Release|Any CPU
		{6ACCE56C-B278-4E83-924D-5B0AD8E851C8}.Release|Any CPU.Build.0 = Release|Any CPU
		{A8E9FDBE-04BB-4D40-81C0-4FBB1066E9B4}.Debug|Any CPU.ActiveCfg = Debug|Any CPU
		{A8E9FDBE-04BB-4D40-81C0-4FBB1066E9B4}.Debug|Any CPU.Build.0 = Debug|Any CPU
		{A8E9FDBE-04BB-4D40-81C0-4FBB1066E9B4}.Release|Any CPU.ActiveCfg = Release|Any CPU
		{A8E9FDBE-04BB-4D40-81C0-4FBB1066E9B4}.Release|Any CPU.Build.0 = Release|Any CPU
		{362775D3-83F6-4D46-851A-FEA729599D9D}.Debug|Any CPU.ActiveCfg = Debug|Any CPU
		{362775D3-83F6-4D46-851A-FEA729599D9D}.Debug|Any CPU.Build.0 = Debug|Any CPU
		{362775D3-83F6-4D46-851A-FEA729599D9D}.Release|Any CPU.ActiveCfg = Release|Any CPU
		{362775D3-83F6-4D46-851A-FEA729599D9D}.Release|Any CPU.Build.0 = Release|Any CPU
	EndGlobalSection
	GlobalSection(SolutionProperties) = preSolution
		HideSolutionNode = FALSE
	EndGlobalSection
	GlobalSection(ExtensibilityGlobals) = postSolution
		SolutionGuid = {13F8545B-AD05-489D-B548-079421E3C6C7}
	EndGlobalSection
EndGlobal
